// !$*UTF8*$!
{
	archiveVersion = 1;
	classes = {
	};
	objectVersion = 46;
	objects = {

/* Begin PBXBuildFile section */
		033E9E301D1EFD4900322A42 /* AppConfigure.swift in Sources */ = {isa = PBXBuildFile; fileRef = 033E9E2F1D1EFD4900322A42 /* AppConfigure.swift */; };
		033E9E321D1EFDAD00322A42 /* MyTableViewController.swift in Sources */ = {isa = PBXBuildFile; fileRef = 033E9E311D1EFDAD00322A42 /* MyTableViewController.swift */; };
		033E9E341D1EFF1C00322A42 /* SearchView.swift in Sources */ = {isa = PBXBuildFile; fileRef = 033E9E331D1EFF1C00322A42 /* SearchView.swift */; };
		03438EDB1D21AB9E00B2AABE /* Resources.swift in Sources */ = {isa = PBXBuildFile; fileRef = 03438EDA1D21AB9E00B2AABE /* Resources.swift */; };
		03438EDD1D21AC5800B2AABE /* Extensions.swift in Sources */ = {isa = PBXBuildFile; fileRef = 03438EDC1D21AC5800B2AABE /* Extensions.swift */; };
		03438EDF1D21AE7900B2AABE /* Protocols.swift in Sources */ = {isa = PBXBuildFile; fileRef = 03438EDE1D21AE7900B2AABE /* Protocols.swift */; };
		03438EE51D21AF9E00B2AABE /* OverLoaders.swift in Sources */ = {isa = PBXBuildFile; fileRef = 03438EE41D21AF9E00B2AABE /* OverLoaders.swift */; };
		03438F071D23060200B2AABE /* GoogleService-Info.plist in Resources */ = {isa = PBXBuildFile; fileRef = 03438F061D23060200B2AABE /* GoogleService-Info.plist */; };
		03438F081D23060200B2AABE /* GoogleService-Info.plist in Resources */ = {isa = PBXBuildFile; fileRef = 03438F061D23060200B2AABE /* GoogleService-Info.plist */; };
		03438F091D23060200B2AABE /* GoogleService-Info.plist in Resources */ = {isa = PBXBuildFile; fileRef = 03438F061D23060200B2AABE /* GoogleService-Info.plist */; };
		03438F0C1D2336FA00B2AABE /* MyViewController.swift in Sources */ = {isa = PBXBuildFile; fileRef = 03438F0B1D2336FA00B2AABE /* MyViewController.swift */; };
		03438F211D243DB900B2AABE /* SpinnerView.swift in Sources */ = {isa = PBXBuildFile; fileRef = 03438F201D243DB900B2AABE /* SpinnerView.swift */; };
		03E21D301D1EFAEC00083C7A /* AppDelegate.swift in Sources */ = {isa = PBXBuildFile; fileRef = 03E21D2F1D1EFAEC00083C7A /* AppDelegate.swift */; };
		03E21D381D1EFAEC00083C7A /* Deliver.xcdatamodeld in Sources */ = {isa = PBXBuildFile; fileRef = 03E21D361D1EFAEC00083C7A /* Deliver.xcdatamodeld */; };
		03E21D3A1D1EFAEC00083C7A /* Assets.xcassets in Resources */ = {isa = PBXBuildFile; fileRef = 03E21D391D1EFAEC00083C7A /* Assets.xcassets */; };
		03E21D3D1D1EFAEC00083C7A /* LaunchScreen.storyboard in Resources */ = {isa = PBXBuildFile; fileRef = 03E21D3B1D1EFAEC00083C7A /* LaunchScreen.storyboard */; };
		03E21D481D1EFAEC00083C7A /* DeliverTests.swift in Sources */ = {isa = PBXBuildFile; fileRef = 03E21D471D1EFAEC00083C7A /* DeliverTests.swift */; };
		03E21D531D1EFAEC00083C7A /* DeliverUITests.swift in Sources */ = {isa = PBXBuildFile; fileRef = 03E21D521D1EFAEC00083C7A /* DeliverUITests.swift */; };
		9447A1CC573BDD98A444920D /* Pods_Deliver.framework in Frameworks */ = {isa = PBXBuildFile; fileRef = 6CCA6CC123CB24D900DBF0CB /* Pods_Deliver.framework */; };
		F3D82EF1FEC67222D32B4D5A /* Pods_DeliverTests.framework in Frameworks */ = {isa = PBXBuildFile; fileRef = C2EE2A848513051CC36B53E4 /* Pods_DeliverTests.framework */; };
		FF49EE32A755B2C9B0B5425C /* Pods_DeliverUITests.framework in Frameworks */ = {isa = PBXBuildFile; fileRef = 7C03DBEE0F5142F3B7318914 /* Pods_DeliverUITests.framework */; };
/* End PBXBuildFile section */

/* Begin PBXContainerItemProxy section */
		03E21D441D1EFAEC00083C7A /* PBXContainerItemProxy */ = {
			isa = PBXContainerItemProxy;
			containerPortal = 03E21D241D1EFAEC00083C7A /* Project object */;
			proxyType = 1;
			remoteGlobalIDString = 03E21D2B1D1EFAEC00083C7A;
			remoteInfo = Deliver;
		};
		03E21D4F1D1EFAEC00083C7A /* PBXContainerItemProxy */ = {
			isa = PBXContainerItemProxy;
			containerPortal = 03E21D241D1EFAEC00083C7A /* Project object */;
			proxyType = 1;
			remoteGlobalIDString = 03E21D2B1D1EFAEC00083C7A;
			remoteInfo = Deliver;
		};
/* End PBXContainerItemProxy section */

/* Begin PBXFileReference section */
		033E9E2F1D1EFD4900322A42 /* AppConfigure.swift */ = {isa = PBXFileReference; fileEncoding = 4; lastKnownFileType = sourcecode.swift; path = AppConfigure.swift; sourceTree = "<group>"; };
		033E9E311D1EFDAD00322A42 /* MyTableViewController.swift */ = {isa = PBXFileReference; fileEncoding = 4; lastKnownFileType = sourcecode.swift; path = MyTableViewController.swift; sourceTree = "<group>"; };
		033E9E331D1EFF1C00322A42 /* SearchView.swift */ = {isa = PBXFileReference; fileEncoding = 4; lastKnownFileType = sourcecode.swift; path = SearchView.swift; sourceTree = "<group>"; };
		03438EDA1D21AB9E00B2AABE /* Resources.swift */ = {isa = PBXFileReference; fileEncoding = 4; lastKnownFileType = sourcecode.swift; path = Resources.swift; sourceTree = "<group>"; };
		03438EDC1D21AC5800B2AABE /* Extensions.swift */ = {isa = PBXFileReference; fileEncoding = 4; lastKnownFileType = sourcecode.swift; path = Extensions.swift; sourceTree = "<group>"; };
		03438EDE1D21AE7900B2AABE /* Protocols.swift */ = {isa = PBXFileReference; fileEncoding = 4; lastKnownFileType = sourcecode.swift; path = Protocols.swift; sourceTree = "<group>"; };
		03438EE41D21AF9E00B2AABE /* OverLoaders.swift */ = {isa = PBXFileReference; fileEncoding = 4; lastKnownFileType = sourcecode.swift; path = OverLoaders.swift; sourceTree = "<group>"; };
		03438F061D23060200B2AABE /* GoogleService-Info.plist */ = {isa = PBXFileReference; fileEncoding = 4; lastKnownFileType = text.plist.xml; path = "GoogleService-Info.plist"; sourceTree = "<group>"; };
		03438F0B1D2336FA00B2AABE /* MyViewController.swift */ = {isa = PBXFileReference; fileEncoding = 4; lastKnownFileType = sourcecode.swift; path = MyViewController.swift; sourceTree = "<group>"; };
		03438F201D243DB900B2AABE /* SpinnerView.swift */ = {isa = PBXFileReference; fileEncoding = 4; lastKnownFileType = sourcecode.swift; path = SpinnerView.swift; sourceTree = "<group>"; };
		03E21D2C1D1EFAEC00083C7A /* Deliver.app */ = {isa = PBXFileReference; explicitFileType = wrapper.application; includeInIndex = 0; path = Deliver.app; sourceTree = BUILT_PRODUCTS_DIR; };
		03E21D2F1D1EFAEC00083C7A /* AppDelegate.swift */ = {isa = PBXFileReference; lastKnownFileType = sourcecode.swift; path = AppDelegate.swift; sourceTree = "<group>"; };
		03E21D371D1EFAEC00083C7A /* Deliver.xcdatamodel */ = {isa = PBXFileReference; lastKnownFileType = wrapper.xcdatamodel; path = Deliver.xcdatamodel; sourceTree = "<group>"; };
		03E21D391D1EFAEC00083C7A /* Assets.xcassets */ = {isa = PBXFileReference; lastKnownFileType = folder.assetcatalog; path = Assets.xcassets; sourceTree = "<group>"; };
		03E21D3C1D1EFAEC00083C7A /* Base */ = {isa = PBXFileReference; lastKnownFileType = file.storyboard; name = Base; path = Base.lproj/LaunchScreen.storyboard; sourceTree = "<group>"; };
		03E21D3E1D1EFAEC00083C7A /* Info.plist */ = {isa = PBXFileReference; lastKnownFileType = text.plist.xml; path = Info.plist; sourceTree = "<group>"; };
		03E21D431D1EFAEC00083C7A /* DeliverTests.xctest */ = {isa = PBXFileReference; explicitFileType = wrapper.cfbundle; includeInIndex = 0; path = DeliverTests.xctest; sourceTree = BUILT_PRODUCTS_DIR; };
		03E21D471D1EFAEC00083C7A /* DeliverTests.swift */ = {isa = PBXFileReference; lastKnownFileType = sourcecode.swift; path = DeliverTests.swift; sourceTree = "<group>"; };
		03E21D491D1EFAEC00083C7A /* Info.plist */ = {isa = PBXFileReference; lastKnownFileType = text.plist.xml; path = Info.plist; sourceTree = "<group>"; };
		03E21D4E1D1EFAEC00083C7A /* DeliverUITests.xctest */ = {isa = PBXFileReference; explicitFileType = wrapper.cfbundle; includeInIndex = 0; path = DeliverUITests.xctest; sourceTree = BUILT_PRODUCTS_DIR; };
		03E21D521D1EFAEC00083C7A /* DeliverUITests.swift */ = {isa = PBXFileReference; lastKnownFileType = sourcecode.swift; path = DeliverUITests.swift; sourceTree = "<group>"; };
		03E21D541D1EFAEC00083C7A /* Info.plist */ = {isa = PBXFileReference; lastKnownFileType = text.plist.xml; path = Info.plist; sourceTree = "<group>"; };
		12CD276E5CE690A7B15AF703 /* Pods-Deliver.release.xcconfig */ = {isa = PBXFileReference; includeInIndex = 1; lastKnownFileType = text.xcconfig; name = "Pods-Deliver.release.xcconfig"; path = "Pods/Target Support Files/Pods-Deliver/Pods-Deliver.release.xcconfig"; sourceTree = "<group>"; };
		388B4803CC54DCAD6A6015DB /* Pods-DeliverUITests.release.xcconfig */ = {isa = PBXFileReference; includeInIndex = 1; lastKnownFileType = text.xcconfig; name = "Pods-DeliverUITests.release.xcconfig"; path = "Pods/Target Support Files/Pods-DeliverUITests/Pods-DeliverUITests.release.xcconfig"; sourceTree = "<group>"; };
		6CCA6CC123CB24D900DBF0CB /* Pods_Deliver.framework */ = {isa = PBXFileReference; explicitFileType = wrapper.framework; includeInIndex = 0; path = Pods_Deliver.framework; sourceTree = BUILT_PRODUCTS_DIR; };
		7C03DBEE0F5142F3B7318914 /* Pods_DeliverUITests.framework */ = {isa = PBXFileReference; explicitFileType = wrapper.framework; includeInIndex = 0; path = Pods_DeliverUITests.framework; sourceTree = BUILT_PRODUCTS_DIR; };
		B5C2CD5D94663B7252EE33E4 /* Pods-DeliverUITests.debug.xcconfig */ = {isa = PBXFileReference; includeInIndex = 1; lastKnownFileType = text.xcconfig; name = "Pods-DeliverUITests.debug.xcconfig"; path = "Pods/Target Support Files/Pods-DeliverUITests/Pods-DeliverUITests.debug.xcconfig"; sourceTree = "<group>"; };
		BC9ECD3AE9E615FFA12E91F1 /* Pods-DeliverTests.debug.xcconfig */ = {isa = PBXFileReference; includeInIndex = 1; lastKnownFileType = text.xcconfig; name = "Pods-DeliverTests.debug.xcconfig"; path = "Pods/Target Support Files/Pods-DeliverTests/Pods-DeliverTests.debug.xcconfig"; sourceTree = "<group>"; };
		BE7C7617A4C8513585570512 /* Pods-Deliver.debug.xcconfig */ = {isa = PBXFileReference; includeInIndex = 1; lastKnownFileType = text.xcconfig; name = "Pods-Deliver.debug.xcconfig"; path = "Pods/Target Support Files/Pods-Deliver/Pods-Deliver.debug.xcconfig"; sourceTree = "<group>"; };
		C2EE2A848513051CC36B53E4 /* Pods_DeliverTests.framework */ = {isa = PBXFileReference; explicitFileType = wrapper.framework; includeInIndex = 0; path = Pods_DeliverTests.framework; sourceTree = BUILT_PRODUCTS_DIR; };
		E14FAB228A233146023D496F /* Pods-DeliverTests.release.xcconfig */ = {isa = PBXFileReference; includeInIndex = 1; lastKnownFileType = text.xcconfig; name = "Pods-DeliverTests.release.xcconfig"; path = "Pods/Target Support Files/Pods-DeliverTests/Pods-DeliverTests.release.xcconfig"; sourceTree = "<group>"; };
/* End PBXFileReference section */

/* Begin PBXFrameworksBuildPhase section */
		03E21D291D1EFAEC00083C7A /* Frameworks */ = {
			isa = PBXFrameworksBuildPhase;
			buildActionMask = 2147483647;
			files = (
				9447A1CC573BDD98A444920D /* Pods_Deliver.framework in Frameworks */,
			);
			runOnlyForDeploymentPostprocessing = 0;
		};
		03E21D401D1EFAEC00083C7A /* Frameworks */ = {
			isa = PBXFrameworksBuildPhase;
			buildActionMask = 2147483647;
			files = (
				F3D82EF1FEC67222D32B4D5A /* Pods_DeliverTests.framework in Frameworks */,
			);
			runOnlyForDeploymentPostprocessing = 0;
		};
		03E21D4B1D1EFAEC00083C7A /* Frameworks */ = {
			isa = PBXFrameworksBuildPhase;
			buildActionMask = 2147483647;
			files = (
				FF49EE32A755B2C9B0B5425C /* Pods_DeliverUITests.framework in Frameworks */,
			);
			runOnlyForDeploymentPostprocessing = 0;
		};
/* End PBXFrameworksBuildPhase section */

/* Begin PBXGroup section */
		03438EE01D21AF0D00B2AABE /* Model */ = {
			isa = PBXGroup;
			children = (
				03438EDE1D21AE7900B2AABE /* Protocols.swift */,
				03438EDA1D21AB9E00B2AABE /* Resources.swift */,
			);
			name = Model;
			sourceTree = "<group>";
		};
		03438EE11D21AF2100B2AABE /* Utility */ = {
			isa = PBXGroup;
			children = (
				03438EDC1D21AC5800B2AABE /* Extensions.swift */,
				03438EE41D21AF9E00B2AABE /* OverLoaders.swift */,
				03E21D2F1D1EFAEC00083C7A /* AppDelegate.swift */,
			);
			name = Utility;
			sourceTree = "<group>";
		};
		03438EE21D21AF3700B2AABE /* View */ = {
			isa = PBXGroup;
			children = (
				033E9E331D1EFF1C00322A42 /* SearchView.swift */,
				03438F201D243DB900B2AABE /* SpinnerView.swift */,
			);
			name = View;
			sourceTree = "<group>";
		};
		03438EE31D21AF3E00B2AABE /* ViewController */ = {
			isa = PBXGroup;
			children = (
				033E9E311D1EFDAD00322A42 /* MyTableViewController.swift */,
				03438F0B1D2336FA00B2AABE /* MyViewController.swift */,
			);
			name = ViewController;
			sourceTree = "<group>";
		};
		03438F0A1D23061000B2AABE /* Support */ = {
			isa = PBXGroup;
			children = (
				03E21D391D1EFAEC00083C7A /* Assets.xcassets */,
				03E21D3B1D1EFAEC00083C7A /* LaunchScreen.storyboard */,
				03E21D3E1D1EFAEC00083C7A /* Info.plist */,
				03438F061D23060200B2AABE /* GoogleService-Info.plist */,
				03E21D361D1EFAEC00083C7A /* Deliver.xcdatamodeld */,
			);
			name = Support;
			sourceTree = "<group>";
		};
		03E21D231D1EFAEC00083C7A = {
			isa = PBXGroup;
			children = (
				03E21D2E1D1EFAEC00083C7A /* Deliver */,
				03E21D461D1EFAEC00083C7A /* DeliverTests */,
				03E21D511D1EFAEC00083C7A /* DeliverUITests */,
				03E21D2D1D1EFAEC00083C7A /* Products */,
				F982443DFF79EDEE03D13AAA /* Pods */,
				C97402C16AE80971E0B99FED /* Frameworks */,
			);
			sourceTree = "<group>";
		};
		03E21D2D1D1EFAEC00083C7A /* Products */ = {
			isa = PBXGroup;
			children = (
				03E21D2C1D1EFAEC00083C7A /* Deliver.app */,
				03E21D431D1EFAEC00083C7A /* DeliverTests.xctest */,
				03E21D4E1D1EFAEC00083C7A /* DeliverUITests.xctest */,
			);
			name = Products;
			sourceTree = "<group>";
		};
		03E21D2E1D1EFAEC00083C7A /* Deliver */ = {
			isa = PBXGroup;
			children = (
				033E9E2F1D1EFD4900322A42 /* AppConfigure.swift */,
				03438EE31D21AF3E00B2AABE /* ViewController */,
				03438EE01D21AF0D00B2AABE /* Model */,
				03438EE11D21AF2100B2AABE /* Utility */,
				03438EE21D21AF3700B2AABE /* View */,
				03438F0A1D23061000B2AABE /* Support */,
			);
			path = Deliver;
			sourceTree = "<group>";
		};
		03E21D461D1EFAEC00083C7A /* DeliverTests */ = {
			isa = PBXGroup;
			children = (
				03E21D471D1EFAEC00083C7A /* DeliverTests.swift */,
				03E21D491D1EFAEC00083C7A /* Info.plist */,
			);
			path = DeliverTests;
			sourceTree = "<group>";
		};
		03E21D511D1EFAEC00083C7A /* DeliverUITests */ = {
			isa = PBXGroup;
			children = (
				03E21D521D1EFAEC00083C7A /* DeliverUITests.swift */,
				03E21D541D1EFAEC00083C7A /* Info.plist */,
			);
			path = DeliverUITests;
			sourceTree = "<group>";
		};
		C97402C16AE80971E0B99FED /* Frameworks */ = {
			isa = PBXGroup;
			children = (
				6CCA6CC123CB24D900DBF0CB /* Pods_Deliver.framework */,
				C2EE2A848513051CC36B53E4 /* Pods_DeliverTests.framework */,
				7C03DBEE0F5142F3B7318914 /* Pods_DeliverUITests.framework */,
			);
			name = Frameworks;
			sourceTree = "<group>";
		};
		F982443DFF79EDEE03D13AAA /* Pods */ = {
			isa = PBXGroup;
			children = (
				BE7C7617A4C8513585570512 /* Pods-Deliver.debug.xcconfig */,
				12CD276E5CE690A7B15AF703 /* Pods-Deliver.release.xcconfig */,
				BC9ECD3AE9E615FFA12E91F1 /* Pods-DeliverTests.debug.xcconfig */,
				E14FAB228A233146023D496F /* Pods-DeliverTests.release.xcconfig */,
				B5C2CD5D94663B7252EE33E4 /* Pods-DeliverUITests.debug.xcconfig */,
				388B4803CC54DCAD6A6015DB /* Pods-DeliverUITests.release.xcconfig */,
			);
			name = Pods;
			sourceTree = "<group>";
		};
/* End PBXGroup section */

/* Begin PBXNativeTarget section */
		03E21D2B1D1EFAEC00083C7A /* Deliver */ = {
			isa = PBXNativeTarget;
			buildConfigurationList = 03E21D571D1EFAEC00083C7A /* Build configuration list for PBXNativeTarget "Deliver" */;
			buildPhases = (
				10EF0A75AE771A0BA899B340 /* [CP] Check Pods Manifest.lock */,
				03E21D281D1EFAEC00083C7A /* Sources */,
				03E21D291D1EFAEC00083C7A /* Frameworks */,
				03E21D2A1D1EFAEC00083C7A /* Resources */,
				E0F1223314991203C56AE924 /* [CP] Embed Pods Frameworks */,
				87B482615D08EE6E616883A8 /* [CP] Copy Pods Resources */,
			);
			buildRules = (
			);
			dependencies = (
			);
			name = Deliver;
			productName = Deliver;
			productReference = 03E21D2C1D1EFAEC00083C7A /* Deliver.app */;
			productType = "com.apple.product-type.application";
		};
		03E21D421D1EFAEC00083C7A /* DeliverTests */ = {
			isa = PBXNativeTarget;
			buildConfigurationList = 03E21D5A1D1EFAEC00083C7A /* Build configuration list for PBXNativeTarget "DeliverTests" */;
			buildPhases = (
				0B2C0EF6AA524CE3B38B88E8 /* [CP] Check Pods Manifest.lock */,
				03E21D3F1D1EFAEC00083C7A /* Sources */,
				03E21D401D1EFAEC00083C7A /* Frameworks */,
				03E21D411D1EFAEC00083C7A /* Resources */,
				A8D8534BAD942575FEEFC2EE /* [CP] Embed Pods Frameworks */,
				185F379A38E8AAB7D6580ACE /* [CP] Copy Pods Resources */,
			);
			buildRules = (
			);
			dependencies = (
				03E21D451D1EFAEC00083C7A /* PBXTargetDependency */,
			);
			name = DeliverTests;
			productName = DeliverTests;
			productReference = 03E21D431D1EFAEC00083C7A /* DeliverTests.xctest */;
			productType = "com.apple.product-type.bundle.unit-test";
		};
		03E21D4D1D1EFAEC00083C7A /* DeliverUITests */ = {
			isa = PBXNativeTarget;
			buildConfigurationList = 03E21D5D1D1EFAEC00083C7A /* Build configuration list for PBXNativeTarget "DeliverUITests" */;
			buildPhases = (
				0398CF655C84B21D06E88C0F /* [CP] Check Pods Manifest.lock */,
				03E21D4A1D1EFAEC00083C7A /* Sources */,
				03E21D4B1D1EFAEC00083C7A /* Frameworks */,
				03E21D4C1D1EFAEC00083C7A /* Resources */,
				E5356D5874A908C2FA4AC035 /* [CP] Copy Pods Resources */,
			);
			buildRules = (
			);
			dependencies = (
				03E21D501D1EFAEC00083C7A /* PBXTargetDependency */,
			);
			name = DeliverUITests;
			productName = DeliverUITests;
			productReference = 03E21D4E1D1EFAEC00083C7A /* DeliverUITests.xctest */;
			productType = "com.apple.product-type.bundle.ui-testing";
		};
/* End PBXNativeTarget section */

/* Begin PBXProject section */
		03E21D241D1EFAEC00083C7A /* Project object */ = {
			isa = PBXProject;
			attributes = {
				LastSwiftUpdateCheck = 0730;
				LastUpgradeCheck = 0730;
				ORGANIZATIONNAME = "Key Hoffman";
				TargetAttributes = {
					03E21D2B1D1EFAEC00083C7A = {
						CreatedOnToolsVersion = 7.3.1;
					};
					03E21D421D1EFAEC00083C7A = {
						CreatedOnToolsVersion = 7.3.1;
						TestTargetID = 03E21D2B1D1EFAEC00083C7A;
					};
					03E21D4D1D1EFAEC00083C7A = {
						CreatedOnToolsVersion = 7.3.1;
						TestTargetID = 03E21D2B1D1EFAEC00083C7A;
					};
				};
			};
			buildConfigurationList = 03E21D271D1EFAEC00083C7A /* Build configuration list for PBXProject "Deliver" */;
			compatibilityVersion = "Xcode 3.2";
			developmentRegion = English;
			hasScannedForEncodings = 0;
			knownRegions = (
				en,
				Base,
			);
			mainGroup = 03E21D231D1EFAEC00083C7A;
			productRefGroup = 03E21D2D1D1EFAEC00083C7A /* Products */;
			projectDirPath = "";
			projectRoot = "";
			targets = (
				03E21D2B1D1EFAEC00083C7A /* Deliver */,
				03E21D421D1EFAEC00083C7A /* DeliverTests */,
				03E21D4D1D1EFAEC00083C7A /* DeliverUITests */,
			);
		};
/* End PBXProject section */

/* Begin PBXResourcesBuildPhase section */
		03E21D2A1D1EFAEC00083C7A /* Resources */ = {
			isa = PBXResourcesBuildPhase;
			buildActionMask = 2147483647;
			files = (
				03E21D3D1D1EFAEC00083C7A /* LaunchScreen.storyboard in Resources */,
				03E21D3A1D1EFAEC00083C7A /* Assets.xcassets in Resources */,
				03438F071D23060200B2AABE /* GoogleService-Info.plist in Resources */,
			);
			runOnlyForDeploymentPostprocessing = 0;
		};
		03E21D411D1EFAEC00083C7A /* Resources */ = {
			isa = PBXResourcesBuildPhase;
			buildActionMask = 2147483647;
			files = (
				03438F081D23060200B2AABE /* GoogleService-Info.plist in Resources */,
			);
			runOnlyForDeploymentPostprocessing = 0;
		};
		03E21D4C1D1EFAEC00083C7A /* Resources */ = {
			isa = PBXResourcesBuildPhase;
			buildActionMask = 2147483647;
			files = (
				03438F091D23060200B2AABE /* GoogleService-Info.plist in Resources */,
			);
			runOnlyForDeploymentPostprocessing = 0;
		};
/* End PBXResourcesBuildPhase section */

/* Begin PBXShellScriptBuildPhase section */
		0398CF655C84B21D06E88C0F /* [CP] Check Pods Manifest.lock */ = {
			isa = PBXShellScriptBuildPhase;
			buildActionMask = 2147483647;
			files = (
			);
			inputPaths = (
			);
			name = "[CP] Check Pods Manifest.lock";
			outputPaths = (
			);
			runOnlyForDeploymentPostprocessing = 0;
			shellPath = /bin/sh;
			shellScript = "diff \"${PODS_ROOT}/../Podfile.lock\" \"${PODS_ROOT}/Manifest.lock\" > /dev/null\nif [[ $? != 0 ]] ; then\n    cat << EOM\nerror: The sandbox is not in sync with the Podfile.lock. Run 'pod install' or update your CocoaPods installation.\nEOM\n    exit 1\nfi\n";
			showEnvVarsInLog = 0;
		};
		0B2C0EF6AA524CE3B38B88E8 /* [CP] Check Pods Manifest.lock */ = {
			isa = PBXShellScriptBuildPhase;
			buildActionMask = 2147483647;
			files = (
			);
			inputPaths = (
			);
			name = "[CP] Check Pods Manifest.lock";
			outputPaths = (
			);
			runOnlyForDeploymentPostprocessing = 0;
			shellPath = /bin/sh;
			shellScript = "diff \"${PODS_ROOT}/../Podfile.lock\" \"${PODS_ROOT}/Manifest.lock\" > /dev/null\nif [[ $? != 0 ]] ; then\n    cat << EOM\nerror: The sandbox is not in sync with the Podfile.lock. Run 'pod install' or update your CocoaPods installation.\nEOM\n    exit 1\nfi\n";
			showEnvVarsInLog = 0;
		};
		10EF0A75AE771A0BA899B340 /* [CP] Check Pods Manifest.lock */ = {
			isa = PBXShellScriptBuildPhase;
			buildActionMask = 2147483647;
			files = (
			);
			inputPaths = (
			);
			name = "[CP] Check Pods Manifest.lock";
			outputPaths = (
			);
			runOnlyForDeploymentPostprocessing = 0;
			shellPath = /bin/sh;
			shellScript = "diff \"${PODS_ROOT}/../Podfile.lock\" \"${PODS_ROOT}/Manifest.lock\" > /dev/null\nif [[ $? != 0 ]] ; then\n    cat << EOM\nerror: The sandbox is not in sync with the Podfile.lock. Run 'pod install' or update your CocoaPods installation.\nEOM\n    exit 1\nfi\n";
			showEnvVarsInLog = 0;
		};
		185F379A38E8AAB7D6580ACE /* [CP] Copy Pods Resources */ = {
			isa = PBXShellScriptBuildPhase;
			buildActionMask = 2147483647;
			files = (
			);
			inputPaths = (
			);
			name = "[CP] Copy Pods Resources";
			outputPaths = (
			);
			runOnlyForDeploymentPostprocessing = 0;
			shellPath = /bin/sh;
			shellScript = "\"${SRCROOT}/Pods/Target Support Files/Pods-DeliverTests/Pods-DeliverTests-resources.sh\"\n";
			showEnvVarsInLog = 0;
		};
		87B482615D08EE6E616883A8 /* [CP] Copy Pods Resources */ = {
			isa = PBXShellScriptBuildPhase;
			buildActionMask = 2147483647;
			files = (
			);
			inputPaths = (
			);
			name = "[CP] Copy Pods Resources";
			outputPaths = (
			);
			runOnlyForDeploymentPostprocessing = 0;
			shellPath = /bin/sh;
			shellScript = "\"${SRCROOT}/Pods/Target Support Files/Pods-Deliver/Pods-Deliver-resources.sh\"\n";
			showEnvVarsInLog = 0;
		};
		A8D8534BAD942575FEEFC2EE /* [CP] Embed Pods Frameworks */ = {
			isa = PBXShellScriptBuildPhase;
			buildActionMask = 2147483647;
			files = (
			);
			inputPaths = (
			);
			name = "[CP] Embed Pods Frameworks";
			outputPaths = (
			);
			runOnlyForDeploymentPostprocessing = 0;
			shellPath = /bin/sh;
			shellScript = "\"${SRCROOT}/Pods/Target Support Files/Pods-DeliverTests/Pods-DeliverTests-frameworks.sh\"\n";
			showEnvVarsInLog = 0;
		};
		E0F1223314991203C56AE924 /* [CP] Embed Pods Frameworks */ = {
			isa = PBXShellScriptBuildPhase;
			buildActionMask = 2147483647;
			files = (
			);
			inputPaths = (
			);
			name = "[CP] Embed Pods Frameworks";
			outputPaths = (
			);
			runOnlyForDeploymentPostprocessing = 0;
			shellPath = /bin/sh;
			shellScript = "\"${SRCROOT}/Pods/Target Support Files/Pods-Deliver/Pods-Deliver-frameworks.sh\"\n";
			showEnvVarsInLog = 0;
		};
		E5356D5874A908C2FA4AC035 /* [CP] Copy Pods Resources */ = {
			isa = PBXShellScriptBuildPhase;
			buildActionMask = 2147483647;
			files = (
			);
			inputPaths = (
			);
			name = "[CP] Copy Pods Resources";
			outputPaths = (
			);
			runOnlyForDeploymentPostprocessing = 0;
			shellPath = /bin/sh;
			shellScript = "\"${SRCROOT}/Pods/Target Support Files/Pods-DeliverUITests/Pods-DeliverUITests-resources.sh\"\n";
			showEnvVarsInLog = 0;
		};
/* End PBXShellScriptBuildPhase section */

/* Begin PBXSourcesBuildPhase section */
		03E21D281D1EFAEC00083C7A /* Sources */ = {
			isa = PBXSourcesBuildPhase;
			buildActionMask = 2147483647;
			files = (
				03438EDD1D21AC5800B2AABE /* Extensions.swift in Sources */,
				03438EE51D21AF9E00B2AABE /* OverLoaders.swift in Sources */,
				033E9E341D1EFF1C00322A42 /* SearchView.swift in Sources */,
				03E21D381D1EFAEC00083C7A /* Deliver.xcdatamodeld in Sources */,
				03E21D301D1EFAEC00083C7A /* AppDelegate.swift in Sources */,
				03438EDB1D21AB9E00B2AABE /* Resources.swift in Sources */,
				033E9E301D1EFD4900322A42 /* AppConfigure.swift in Sources */,
				033E9E321D1EFDAD00322A42 /* MyTableViewController.swift in Sources */,
				03438F0C1D2336FA00B2AABE /* MyViewController.swift in Sources */,
				03438F211D243DB900B2AABE /* SpinnerView.swift in Sources */,
				03438EDF1D21AE7900B2AABE /* Protocols.swift in Sources */,
			);
			runOnlyForDeploymentPostprocessing = 0;
		};
		03E21D3F1D1EFAEC00083C7A /* Sources */ = {
			isa = PBXSourcesBuildPhase;
			buildActionMask = 2147483647;
			files = (
				03E21D481D1EFAEC00083C7A /* DeliverTests.swift in Sources */,
			);
			runOnlyForDeploymentPostprocessing = 0;
		};
		03E21D4A1D1EFAEC00083C7A /* Sources */ = {
			isa = PBXSourcesBuildPhase;
			buildActionMask = 2147483647;
			files = (
				03E21D531D1EFAEC00083C7A /* DeliverUITests.swift in Sources */,
			);
			runOnlyForDeploymentPostprocessing = 0;
		};
/* End PBXSourcesBuildPhase section */

/* Begin PBXTargetDependency section */
		03E21D451D1EFAEC00083C7A /* PBXTargetDependency */ = {
			isa = PBXTargetDependency;
			target = 03E21D2B1D1EFAEC00083C7A /* Deliver */;
			targetProxy = 03E21D441D1EFAEC00083C7A /* PBXContainerItemProxy */;
		};
		03E21D501D1EFAEC00083C7A /* PBXTargetDependency */ = {
			isa = PBXTargetDependency;
			target = 03E21D2B1D1EFAEC00083C7A /* Deliver */;
			targetProxy = 03E21D4F1D1EFAEC00083C7A /* PBXContainerItemProxy */;
		};
/* End PBXTargetDependency section */

/* Begin PBXVariantGroup section */
		03E21D3B1D1EFAEC00083C7A /* LaunchScreen.storyboard */ = {
			isa = PBXVariantGroup;
			children = (
				03E21D3C1D1EFAEC00083C7A /* Base */,
			);
			name = LaunchScreen.storyboard;
			sourceTree = "<group>";
		};
/* End PBXVariantGroup section */

/* Begin XCBuildConfiguration section */
		03E21D551D1EFAEC00083C7A /* Debug */ = {
			isa = XCBuildConfiguration;
			buildSettings = {
				ALWAYS_SEARCH_USER_PATHS = NO;
				CLANG_ANALYZER_NONNULL = YES;
				CLANG_CXX_LANGUAGE_STANDARD = "gnu++0x";
				CLANG_CXX_LIBRARY = "libc++";
				CLANG_ENABLE_MODULES = YES;
				CLANG_ENABLE_OBJC_ARC = YES;
				CLANG_WARN_BOOL_CONVERSION = YES;
				CLANG_WARN_CONSTANT_CONVERSION = YES;
				CLANG_WARN_DIRECT_OBJC_ISA_USAGE = YES_ERROR;
				CLANG_WARN_EMPTY_BODY = YES;
				CLANG_WARN_ENUM_CONVERSION = YES;
				CLANG_WARN_INT_CONVERSION = YES;
				CLANG_WARN_OBJC_ROOT_CLASS = YES_ERROR;
				CLANG_WARN_UNREACHABLE_CODE = YES;
				CLANG_WARN__DUPLICATE_METHOD_MATCH = YES;
				"CODE_SIGN_IDENTITY[sdk=iphoneos*]" = "iPhone Developer";
				COPY_PHASE_STRIP = NO;
				DEBUG_INFORMATION_FORMAT = dwarf;
				ENABLE_STRICT_OBJC_MSGSEND = YES;
				ENABLE_TESTABILITY = YES;
				GCC_C_LANGUAGE_STANDARD = gnu99;
				GCC_DYNAMIC_NO_PIC = NO;
				GCC_NO_COMMON_BLOCKS = YES;
				GCC_OPTIMIZATION_LEVEL = 0;
				GCC_PREPROCESSOR_DEFINITIONS = (
					"DEBUG=1",
					"$(inherited)",
				);
				GCC_WARN_64_TO_32_BIT_CONVERSION = YES;
				GCC_WARN_ABOUT_RETURN_TYPE = YES_ERROR;
				GCC_WARN_UNDECLARED_SELECTOR = YES;
				GCC_WARN_UNINITIALIZED_AUTOS = YES_AGGRESSIVE;
				GCC_WARN_UNUSED_FUNCTION = YES;
				GCC_WARN_UNUSED_VARIABLE = YES;
				IPHONEOS_DEPLOYMENT_TARGET = 9.3;
				MTL_ENABLE_DEBUG_INFO = YES;
				ONLY_ACTIVE_ARCH = YES;
				SDKROOT = iphoneos;
				SWIFT_OPTIMIZATION_LEVEL = "-Onone";
				TARGETED_DEVICE_FAMILY = "1,2";
			};
			name = Debug;
		};
		03E21D561D1EFAEC00083C7A /* Release */ = {
			isa = XCBuildConfiguration;
			buildSettings = {
				ALWAYS_SEARCH_USER_PATHS = NO;
				CLANG_ANALYZER_NONNULL = YES;
				CLANG_CXX_LANGUAGE_STANDARD = "gnu++0x";
				CLANG_CXX_LIBRARY = "libc++";
				CLANG_ENABLE_MODULES = YES;
				CLANG_ENABLE_OBJC_ARC = YES;
				CLANG_WARN_BOOL_CONVERSION = YES;
				CLANG_WARN_CONSTANT_CONVERSION = YES;
				CLANG_WARN_DIRECT_OBJC_ISA_USAGE = YES_ERROR;
				CLANG_WARN_EMPTY_BODY = YES;
				CLANG_WARN_ENUM_CONVERSION = YES;
				CLANG_WARN_INT_CONVERSION = YES;
				CLANG_WARN_OBJC_ROOT_CLASS = YES_ERROR;
				CLANG_WARN_UNREACHABLE_CODE = YES;
				CLANG_WARN__DUPLICATE_METHOD_MATCH = YES;
				"CODE_SIGN_IDENTITY[sdk=iphoneos*]" = "iPhone Developer";
				COPY_PHASE_STRIP = NO;
				DEBUG_INFORMATION_FORMAT = "dwarf-with-dsym";
				ENABLE_NS_ASSERTIONS = NO;
				ENABLE_STRICT_OBJC_MSGSEND = YES;
				GCC_C_LANGUAGE_STANDARD = gnu99;
				GCC_NO_COMMON_BLOCKS = YES;
				GCC_WARN_64_TO_32_BIT_CONVERSION = YES;
				GCC_WARN_ABOUT_RETURN_TYPE = YES_ERROR;
				GCC_WARN_UNDECLARED_SELECTOR = YES;
				GCC_WARN_UNINITIALIZED_AUTOS = YES_AGGRESSIVE;
				GCC_WARN_UNUSED_FUNCTION = YES;
				GCC_WARN_UNUSED_VARIABLE = YES;
				IPHONEOS_DEPLOYMENT_TARGET = 9.3;
				MTL_ENABLE_DEBUG_INFO = NO;
				SDKROOT = iphoneos;
				TARGETED_DEVICE_FAMILY = "1,2";
				VALIDATE_PRODUCT = YES;
			};
			name = Release;
		};
		03E21D581D1EFAEC00083C7A /* Debug */ = {
			isa = XCBuildConfiguration;
			baseConfigurationReference = BE7C7617A4C8513585570512 /* Pods-Deliver.debug.xcconfig */;
			buildSettings = {
				ASSETCATALOG_COMPILER_APPICON_NAME = AppIcon;
				INFOPLIST_FILE = Deliver/Info.plist;
				LD_RUNPATH_SEARCH_PATHS = "$(inherited) @executable_path/Frameworks";
				PRODUCT_BUNDLE_IDENTIFIER = KeneLargeCorporation.Deliver;
				PRODUCT_NAME = "$(TARGET_NAME)";
			};
			name = Debug;
		};
		03E21D591D1EFAEC00083C7A /* Release */ = {
			isa = XCBuildConfiguration;
			baseConfigurationReference = 12CD276E5CE690A7B15AF703 /* Pods-Deliver.release.xcconfig */;
			buildSettings = {
				ASSETCATALOG_COMPILER_APPICON_NAME = AppIcon;
				INFOPLIST_FILE = Deliver/Info.plist;
				LD_RUNPATH_SEARCH_PATHS = "$(inherited) @executable_path/Frameworks";
				PRODUCT_BUNDLE_IDENTIFIER = KeneLargeCorporation.Deliver;
				PRODUCT_NAME = "$(TARGET_NAME)";
			};
			name = Release;
		};
		03E21D5B1D1EFAEC00083C7A /* Debug */ = {
			isa = XCBuildConfiguration;
			baseConfigurationReference = BC9ECD3AE9E615FFA12E91F1 /* Pods-DeliverTests.debug.xcconfig */;
			buildSettings = {
				BUNDLE_LOADER = "$(TEST_HOST)";
				INFOPLIST_FILE = DeliverTests/Info.plist;
				LD_RUNPATH_SEARCH_PATHS = "$(inherited) @executable_path/Frameworks @loader_path/Frameworks";
				PRODUCT_BUNDLE_IDENTIFIER = KeneLargeCorporation.DeliverTests;
				PRODUCT_NAME = "$(TARGET_NAME)";
				TEST_HOST = "$(BUILT_PRODUCTS_DIR)/Deliver.app/Deliver";
			};
			name = Debug;
		};
		03E21D5C1D1EFAEC00083C7A /* Release */ = {
			isa = XCBuildConfiguration;
			baseConfigurationReference = E14FAB228A233146023D496F /* Pods-DeliverTests.release.xcconfig */;
			buildSettings = {
				BUNDLE_LOADER = "$(TEST_HOST)";
				INFOPLIST_FILE = DeliverTests/Info.plist;
				LD_RUNPATH_SEARCH_PATHS = "$(inherited) @executable_path/Frameworks @loader_path/Frameworks";
				PRODUCT_BUNDLE_IDENTIFIER = KeneLargeCorporation.DeliverTests;
				PRODUCT_NAME = "$(TARGET_NAME)";
				TEST_HOST = "$(BUILT_PRODUCTS_DIR)/Deliver.app/Deliver";
			};
			name = Release;
		};
		03E21D5E1D1EFAEC00083C7A /* Debug */ = {
			isa = XCBuildConfiguration;
			baseConfigurationReference = B5C2CD5D94663B7252EE33E4 /* Pods-DeliverUITests.debug.xcconfig */;
			buildSettings = {
				INFOPLIST_FILE = DeliverUITests/Info.plist;
				LD_RUNPATH_SEARCH_PATHS = "$(inherited) @executable_path/Frameworks @loader_path/Frameworks";
				PRODUCT_BUNDLE_IDENTIFIER = KeneLargeCorporation.DeliverUITests;
				PRODUCT_NAME = "$(TARGET_NAME)";
				TEST_TARGET_NAME = Deliver;
			};
			name = Debug;
		};
		03E21D5F1D1EFAEC00083C7A /* Release */ = {
			isa = XCBuildConfiguration;
			baseConfigurationReference = 388B4803CC54DCAD6A6015DB /* Pods-DeliverUITests.release.xcconfig */;
			buildSettings = {
				INFOPLIST_FILE = DeliverUITests/Info.plist;
				LD_RUNPATH_SEARCH_PATHS = "$(inherited) @executable_path/Frameworks @loader_path/Frameworks";
				PRODUCT_BUNDLE_IDENTIFIER = KeneLargeCorporation.DeliverUITests;
				PRODUCT_NAME = "$(TARGET_NAME)";
				TEST_TARGET_NAME = Deliver;
			};
			name = Release;
		};
/* End XCBuildConfiguration section */

/* Begin XCConfigurationList section */
		03E21D271D1EFAEC00083C7A /* Build configuration list for PBXProject "Deliver" */ = {
			isa = XCConfigurationList;
			buildConfigurations = (
				03E21D551D1EFAEC00083C7A /* Debug */,
				03E21D561D1EFAEC00083C7A /* Release */,
			);
			defaultConfigurationIsVisible = 0;
			defaultConfigurationName = Release;
		};
		03E21D571D1EFAEC00083C7A /* Build configuration list for PBXNativeTarget "Deliver" */ = {
			isa = XCConfigurationList;
			buildConfigurations = (
				03E21D581D1EFAEC00083C7A /* Debug */,
				03E21D591D1EFAEC00083C7A /* Release */,
			);
			defaultConfigurationIsVisible = 0;
			defaultConfigurationName = Release;
		};
		03E21D5A1D1EFAEC00083C7A /* Build configuration list for PBXNativeTarget "DeliverTests" */ = {
			isa = XCConfigurationList;
			buildConfigurations = (
				03E21D5B1D1EFAEC00083C7A /* Debug */,
				03E21D5C1D1EFAEC00083C7A /* Release */,
			);
			defaultConfigurationIsVisible = 0;
			defaultConfigurationName = Release;
		};
		03E21D5D1D1EFAEC00083C7A /* Build configuration list for PBXNativeTarget "DeliverUITests" */ = {
			isa = XCConfigurationList;
			buildConfigurations = (
				03E21D5E1D1EFAEC00083C7A /* Debug */,
				03E21D5F1D1EFAEC00083C7A /* Release */,
			);
			defaultConfigurationIsVisible = 0;
			defaultConfigurationName = Release;
		};
/* End XCConfigurationList section */

/* Begin XCVersionGroup section */
		03E21D361D1EFAEC00083C7A /* Deliver.xcdatamodeld */ = {
			isa = XCVersionGroup;
			children = (
				03E21D371D1EFAEC00083C7A /* Deliver.xcdatamodel */,
			);
			currentVersion = 03E21D371D1EFAEC00083C7A /* Deliver.xcdatamodel */;
			path = Deliver.xcdatamodeld;
			sourceTree = "<group>";
			versionGroupType = wrapper.xcdatamodel;
		};
/* End XCVersionGroup section */
	};
	rootObject = 03E21D241D1EFAEC00083C7A /* Project object */;
}
